
Microsoft Visual Studio Solution File, Format Version 12.00
# Visual Studio Version 17
VisualStudioVersion = 17.12.35728.132 d17.12
MinimumVisualStudioVersion = 10.0.40219.1
Project("{FAE04EC0-301F-11D3-BF4B-00C04F79EFBC}") = "SchoolCodeFirst", "SchoolCodeFirst\SchoolCodeFirst.csproj", "{5B709EF4-3EF8-45E8-BBF6-4936B9DD0418}"
EndProject
Global
	GlobalSection(SolutionConfigurationPlatforms) = preSolution
		Debug|Any CPU = Debug|Any CPU
		Release|Any CPU = Release|Any CPU
	EndGlobalSection
	GlobalSection(ProjectConfigurationPlatforms) = postSolution
		{5B709EF4-3EF8-45E8-BBF6-4936B9DD0418}.Debug|Any CPU.ActiveCfg = Debug|Any CPU
		{5B709EF4-3EF8-45E8-BBF6-4936B9DD0418}.Debug|Any CPU.Build.0 = Debug|Any CPU
		{5B709EF4-3EF8-45E8-BBF6-4936B9DD0418}.Release|Any CPU.ActiveCfg = Release|Any CPU
		{5B709EF4-3EF8-45E8-BBF6-4936B9DD0418}.Release|Any CPU.Build.0 = Release|Any CPU
	EndGlobalSection
	GlobalSection(SolutionProperties) = preSolution
		HideSolutionNode = FALSE
	EndGlobalSection
EndGlobal
